
Microsoft Visual Studio Solution File, Format Version 12.00
# Visual Studio Version 16
VisualStudioVersion = 16.0.30413.136
MinimumVisualStudioVersion = 10.0.40219.1
Project("{FAE04EC0-301F-11D3-BF4B-00C04F79EFBC}") = "FarmFreshAPI", "FarmFreshAPI\FarmFreshAPI.csproj", "{B45FC9BA-BC8F-44BF-8A05-04B419CCAE40}"
EndProject
Project("{FAE04EC0-301F-11D3-BF4B-00C04F79EFBC}") = "FarmFreshSuperMarket", "FarmFreshSuperMarket\FarmFreshSuperMarket.csproj", "{F756A042-C672-4A6A-9E42-273785FCFF75}"
EndProject
Global
	GlobalSection(SolutionConfigurationPlatforms) = preSolution
		Debug|Any CPU = Debug|Any CPU
		Release|Any CPU = Release|Any CPU
	EndGlobalSection
	GlobalSection(ProjectConfigurationPlatforms) = postSolution
		{B45FC9BA-BC8F-44BF-8A05-04B419CCAE40}.Debug|Any CPU.ActiveCfg = Debug|Any CPU
		{B45FC9BA-BC8F-44BF-8A05-04B419CCAE40}.Debug|Any CPU.Build.0 = Debug|Any CPU
		{B45FC9BA-BC8F-44BF-8A05-04B419CCAE40}.Release|Any CPU.ActiveCfg = Release|Any CPU
		{B45FC9BA-BC8F-44BF-8A05-04B419CCAE40}.Release|Any CPU.Build.0 = Release|Any CPU
		{F756A042-C672-4A6A-9E42-273785FCFF75}.Debug|Any CPU.ActiveCfg = Debug|Any CPU
		{F756A042-C672-4A6A-9E42-273785FCFF75}.Debug|Any CPU.Build.0 = Debug|Any CPU
		{F756A042-C672-4A6A-9E42-273785FCFF75}.Release|Any CPU.ActiveCfg = Release|Any CPU
		{F756A042-C672-4A6A-9E42-273785FCFF75}.Release|Any CPU.Build.0 = Release|Any CPU
	EndGlobalSection
	GlobalSection(SolutionProperties) = preSolution
		HideSolutionNode = FALSE
	EndGlobalSection
	GlobalSection(ExtensibilityGlobals) = postSolution
		SolutionGuid = {5993C4A2-8A8E-4481-8C2B-CE3B4B180B1F}
	EndGlobalSection
EndGlobal
